{
  "name": "clearnote-indexer",
  "lockfileVersion": 3,
  "requires": true,
  "packages": {
    "": {
      "name": "clearnote-indexer",
      "dependencies": {
        "envio": "2.7.0"
      },
      "devDependencies": {
        "typescript": "^5.0.0"
      }
    },
    "node_modules/envio": {
      "version": "2.7.0",
      "resolved": "https://registry.npmjs.org/envio/-/envio-2.7.0.tgz",
      "integrity": "sha512-XXcEzkzEIknHl1YBQENpIr76T+PI9J3ISB8BsDYPrt5uCbkY82P8/oWFT5NcVjKUi43hAKBA1DWQM9l/hSQ1PQ==",
      "license": "GPL-3.0",
      "bin": {
        "envio": "bin.js"
      },
      "optionalDependencies": {
        "envio-darwin-arm64": "v2.7.0",
        "envio-darwin-x64": "v2.7.0",
        "envio-linux-arm64": "v2.7.0",
        "envio-linux-x64": "v2.7.0"
      }
    },
    "node_modules/envio-darwin-arm64": {
      "version": "2.7.0",
      "resolved": "https://registry.npmjs.org/envio-darwin-arm64/-/envio-darwin-arm64-2.7.0.tgz",
      "integrity": "sha512-Sdm6+O/BFNrDsf7cJxsnMvhMbjL9vZMftDPIhjgM4Noz4bYLvQQJkM1129t2JN5pbokGNukDG+ElQg3SV6c/qQ==",
      "cpu": [
        "arm64"
      ],
      "license": "GPL-3.0",
      "optional": true,
      "os": [
        "darwin"
      ]
    },
    "node_modules/envio-darwin-x64": {
      "version": "2.7.0",
      "resolved": "https://registry.npmjs.org/envio-darwin-x64/-/envio-darwin-x64-2.7.0.tgz",
      "integrity": "sha512-F8+MjdgDfd65e2atjspneWzRS0a1ljULPaXFmk6T+zGrmwKHK9gEhWC1ppg7eUJQ/1LeWrn1tpHGCaDucSU+LQ==",
      "cpu": [
        "x64"
      ],
      "license": "GPL-3.0",
      "optional": true,
      "os": [
        "darwin"
      ]
    },
    "node_modules/envio-linux-arm64": {
      "version": "2.7.0",
      "resolved": "https://registry.npmjs.org/envio-linux-arm64/-/envio-linux-arm64-2.7.0.tgz",
      "integrity": "sha512-nIsjbFi7r8G7/2mlZCrqGZ39Xze0hx73oPUmoofkqSxiUMleUDkdHsM2ceYPIBo0SPyDW0Dsh3eYVzKcO/PUtQ==",
      "cpu": [
        "arm64"
      ],
      "license": "GPL-3.0",
      "optional": true,
      "os": [
        "linux"
      ]
    },
    "node_modules/envio-linux-x64": {
      "version": "2.7.0",
      "resolved": "https://registry.npmjs.org/envio-linux-x64/-/envio-linux-x64-2.7.0.tgz",
      "integrity": "sha512-Pyb0saH8n+Yh8AS7eMmUcuVVfic43E+0mM/C5mQw7w4UVXJEAx7rBoXNXqbRVvcr7GoA1Bbqyc93+ELLQJejaw==",
      "cpu": [
        "x64"
      ],
      "license": "GPL-3.0",
      "optional": true,
      "os": [
        "linux"
      ]
    },
    "node_modules/typescript": {
      "version": "5.9.3",
      "resolved": "https://registry.npmjs.org/typescript/-/typescript-5.9.3.tgz",
      "integrity": "sha512-jl1vZzPDinLr9eUt3J/t7V6FgNEw9QjvBPdysz9KfQDD41fQrC2Y4vKQdiaUpFT4bXlb1RHhLpp8wtm6M5TgSw==",
      "dev": true,
      "license": "Apache-2.0",
      "bin": {
        "tsc": "bin/tsc",
        "tsserver": "bin/tsserver"
      },
      "engines": {
        "node": ">=14.17"
      }
    }
  }
}
